
Microsoft Visual Studio Solution File, Format Version 12.00
# Visual Studio Version 16
VisualStudioVersion = 16.0.31112.23
MinimumVisualStudioVersion = 10.0.40219.1
Project("{FAE04EC0-301F-11D3-BF4B-00C04F79EFBC}") = "Migros Sanal Market.Android", "Migros Sanal Market\Migros Sanal Market.Android\Migros Sanal Market.Android.csproj", "{8D6A7DBB-F567-43E3-BC55-52C945A4F8AA}"
EndProject
Project("{FAE04EC0-301F-11D3-BF4B-00C04F79EFBC}") = "Migros Sanal Market.iOS", "Migros Sanal Market\Migros Sanal Market.iOS\Migros Sanal Market.iOS.csproj", "{5FE78E9D-C9B4-4A92-8577-AF03E90AA2A1}"
EndProject
Project("{FAE04EC0-301F-11D3-BF4B-00C04F79EFBC}") = "Migros Sanal Market", "Migros Sanal Market\Migros Sanal Market\Migros Sanal Market.csproj", "{30D6B8F4-339B-4519-8A30-4AC2DC129D33}"
EndProject
Global
	GlobalSection(SolutionConfigurationPlatforms) = preSolution
		Debug|Any CPU = Debug|Any CPU
		Debug|iPhone = Debug|iPhone
		Debug|iPhoneSimulator = Debug|iPhoneSimulator
		Release|Any CPU = Release|Any CPU
		Release|iPhone = Release|iPhone
		Release|iPhoneSimulator = Release|iPhoneSimulator
	EndGlobalSection
	GlobalSection(ProjectConfigurationPlatforms) = postSolution
		{8D6A7DBB-F567-43E3-BC55-52C945A4F8AA}.Debug|Any CPU.ActiveCfg = Debug|Any CPU
		{8D6A7DBB-F567-43E3-BC55-52C945A4F8AA}.Debug|Any CPU.Build.0 = Debug|Any CPU
		{8D6A7DBB-F567-43E3-BC55-52C945A4F8AA}.Debug|Any CPU.Deploy.0 = Debug|Any CPU
		{8D6A7DBB-F567-43E3-BC55-52C945A4F8AA}.Debug|iPhone.ActiveCfg = Debug|Any CPU
		{8D6A7DBB-F567-43E3-BC55-52C945A4F8AA}.Debug|iPhone.Build.0 = Debug|Any CPU
		{8D6A7DBB-F567-43E3-BC55-52C945A4F8AA}.Debug|iPhone.Deploy.0 = Debug|Any CPU
		{8D6A7DBB-F567-43E3-BC55-52C945A4F8AA}.Debug|iPhoneSimulator.ActiveCfg = Debug|Any CPU
		{8D6A7DBB-F567-43E3-BC55-52C945A4F8AA}.Debug|iPhoneSimulator.Build.0 = Debug|Any CPU
		{8D6A7DBB-F567-43E3-BC55-52C945A4F8AA}.Debug|iPhoneSimulator.Deploy.0 = Debug|Any CPU
		{8D6A7DBB-F567-43E3-BC55-52C945A4F8AA}.Release|Any CPU.ActiveCfg = Release|Any CPU
		{8D6A7DBB-F567-43E3-BC55-52C945A4F8AA}.Release|Any CPU.Build.0 = Release|Any CPU
		{8D6A7DBB-F567-43E3-BC55-52C945A4F8AA}.Release|Any CPU.Deploy.0 = Release|Any CPU
		{8D6A7DBB-F567-43E3-BC55-52C945A4F8AA}.Release|iPhone.ActiveCfg = Release|Any CPU
		{8D6A7DBB-F567-43E3-BC55-52C945A4F8AA}.Release|iPhone.Build.0 = Release|Any CPU
		{8D6A7DBB-F567-43E3-BC55-52C945A4F8AA}.Release|iPhone.Deploy.0 = Release|Any CPU
		{8D6A7DBB-F567-43E3-BC55-52C945A4F8AA}.Release|iPhoneSimulator.ActiveCfg = Release|Any CPU
		{8D6A7DBB-F567-43E3-BC55-52C945A4F8AA}.Release|iPhoneSimulator.Build.0 = Release|Any CPU
		{8D6A7DBB-F567-43E3-BC55-52C945A4F8AA}.Release|iPhoneSimulator.Deploy.0 = Release|Any CPU
		{5FE78E9D-C9B4-4A92-8577-AF03E90AA2A1}.Debug|Any CPU.ActiveCfg = Debug|iPhone
		{5FE78E9D-C9B4-4A92-8577-AF03E90AA2A1}.Debug|Any CPU.Build.0 = Debug|iPhone
		{5FE78E9D-C9B4-4A92-8577-AF03E90AA2A1}.Debug|Any CPU.Deploy.0 = Debug|iPhone
		{5FE78E9D-C9B4-4A92-8577-AF03E90AA2A1}.Debug|iPhone.ActiveCfg = Debug|iPhone
		{5FE78E9D-C9B4-4A92-8577-AF03E90AA2A1}.Debug|iPhone.Build.0 = Debug|iPhone
		{5FE78E9D-C9B4-4A92-8577-AF03E90AA2A1}.Debug|iPhone.Deploy.0 = Debug|iPhone
		{5FE78E9D-C9B4-4A92-8577-AF03E90AA2A1}.Debug|iPhoneSimulator.ActiveCfg = Debug|iPhoneSimulator
		{5FE78E9D-C9B4-4A92-8577-AF03E90AA2A1}.Debug|iPhoneSimulator.Build.0 = Debug|iPhoneSimulator
		{5FE78E9D-C9B4-4A92-8577-AF03E90AA2A1}.Debug|iPhoneSimulator.Deploy.0 = Debug|iPhoneSimulator
		{5FE78E9D-C9B4-4A92-8577-AF03E90AA2A1}.Release|Any CPU.ActiveCfg = Release|iPhoneSimulator
		{5FE78E9D-C9B4-4A92-8577-AF03E90AA2A1}.Release|Any CPU.Build.0 = Release|iPhoneSimulator
		{5FE78E9D-C9B4-4A92-8577-AF03E90AA2A1}.Release|Any CPU.Deploy.0 = Release|iPhoneSimulator
		{5FE78E9D-C9B4-4A92-8577-AF03E90AA2A1}.Release|iPhone.ActiveCfg = Release|iPhone
		{5FE78E9D-C9B4-4A92-8577-AF03E90AA2A1}.Release|iPhone.Build.0 = Release|iPhone
		{5FE78E9D-C9B4-4A92-8577-AF03E90AA2A1}.Release|iPhone.Deploy.0 = Release|iPhone
		{5FE78E9D-C9B4-4A92-8577-AF03E90AA2A1}.Release|iPhoneSimulator.ActiveCfg = Release|iPhoneSimulator
		{5FE78E9D-C9B4-4A92-8577-AF03E90AA2A1}.Release|iPhoneSimulator.Build.0 = Release|iPhoneSimulator
		{5FE78E9D-C9B4-4A92-8577-AF03E90AA2A1}.Release|iPhoneSimulator.Deploy.0 = Release|iPhoneSimulator
		{30D6B8F4-339B-4519-8A30-4AC2DC129D33}.Debug|Any CPU.ActiveCfg = Debug|Any CPU
		{30D6B8F4-339B-4519-8A30-4AC2DC129D33}.Debug|Any CPU.Build.0 = Debug|Any CPU
		{30D6B8F4-339B-4519-8A30-4AC2DC129D33}.Debug|Any CPU.Deploy.0 = Debug|Any CPU
		{30D6B8F4-339B-4519-8A30-4AC2DC129D33}.Debug|iPhone.ActiveCfg = Debug|Any CPU
		{30D6B8F4-339B-4519-8A30-4AC2DC129D33}.Debug|iPhone.Build.0 = Debug|Any CPU
		{30D6B8F4-339B-4519-8A30-4AC2DC129D33}.Debug|iPhone.Deploy.0 = Debug|Any CPU
		{30D6B8F4-339B-4519-8A30-4AC2DC129D33}.Debug|iPhoneSimulator.ActiveCfg = Debug|Any CPU
		{30D6B8F4-339B-4519-8A30-4AC2DC129D33}.Debug|iPhoneSimulator.Build.0 = Debug|Any CPU
		{30D6B8F4-339B-4519-8A30-4AC2DC129D33}.Debug|iPhoneSimulator.Deploy.0 = Debug|Any CPU
		{30D6B8F4-339B-4519-8A30-4AC2DC129D33}.Release|Any CPU.ActiveCfg = Release|Any CPU
		{30D6B8F4-339B-4519-8A30-4AC2DC129D33}.Release|Any CPU.Build.0 = Release|Any CPU
		{30D6B8F4-339B-4519-8A30-4AC2DC129D33}.Release|Any CPU.Deploy.0 = Release|Any CPU
		{30D6B8F4-339B-4519-8A30-4AC2DC129D33}.Release|iPhone.ActiveCfg = Release|Any CPU
		{30D6B8F4-339B-4519-8A30-4AC2DC129D33}.Release|iPhone.Build.0 = Release|Any CPU
		{30D6B8F4-339B-4519-8A30-4AC2DC129D33}.Release|iPhone.Deploy.0 = Release|Any CPU
		{30D6B8F4-339B-4519-8A30-4AC2DC129D33}.Release|iPhoneSimulator.ActiveCfg = Release|Any CPU
		{30D6B8F4-339B-4519-8A30-4AC2DC129D33}.Release|iPhoneSimulator.Build.0 = Release|Any CPU
		{30D6B8F4-339B-4519-8A30-4AC2DC129D33}.Release|iPhoneSimulator.Deploy.0 = Release|Any CPU
	EndGlobalSection
	GlobalSection(SolutionProperties) = preSolution
		HideSolutionNode = FALSE
	EndGlobalSection
	GlobalSection(ExtensibilityGlobals) = postSolution
		SolutionGuid = {40A8D219-46B3-4B2D-AF27-ED7510F78AD0}
	EndGlobalSection
EndGlobal
